{
  "version": 4,
  "terraform_version": "1.5.3",
  "serial": 134,
  "lineage": "0e8b5275-267e-03e0-3ef8-c1cc7eec9ce6",
  "outputs": {
    "alpha-version-url": {
      "value": "https://alpha-dot-stage-simple-gae.lm.r.appspot.com",
      "type": "string"
    },
    "app-engine-app-domain": {
      "value": "stage-simple-gae.lm.r.appspot.com",
      "type": "string"
    },
    "default-version-url": {
      "value": "https://stage-simple-gae.lm.r.appspot.com",
      "type": "string"
    }
  },
  "resources": [
    {
      "mode": "data",
      "type": "archive_file",
      "name": "sample-node-app",
      "provider": "provider[\"registry.terraform.io/hashicorp/archive\"]",
      "instances": [
        {
          "schema_version": 0,
          "attributes": {
            "exclude_symlink_directories": null,
            "excludes": null,
            "id": "e4f7369c2928b369905a576f8c7017b15c035a81",
            "output_base64sha256": "DizPoNZ4Q0MOw8wGIaWlfUsIt3EqnnuUaXTuJCFMJFI=",
            "output_base64sha512": "4I/R2DLdb7TJmt7vFXSMW1jpV0xfB/m4rRjh04vL7h6+RJ8THwdv4O9YsjmHlBzyNKiOggpaKvjHSIk64Fo1Qw==",
            "output_file_mode": null,
            "output_md5": "fed003b76de7f0fb0e6b1f1eff1aa635",
            "output_path": "../sample-node-app.zip",
            "output_sha": "e4f7369c2928b369905a576f8c7017b15c035a81",
            "output_sha256": "0e2ccfa0d67843430ec3cc0621a5a57d4b08b7712a9e7b946974ee24214c2452",
            "output_sha512": "e08fd1d832dd6fb4c99adeef15748c5b58e9574c5f07f9b8ad18e1d38bcbee1ebe449f131f076fe0ef58b23987941cf234a88e820a5a2af8c748893ae05a3543",
            "output_size": 5158089,
            "source": [],
            "source_content": null,
            "source_content_filename": null,
            "source_dir": "../sample-node-app",
            "source_file": null,
            "type": "zip"
          },
          "sensitive_attributes": []
        }
      ]
    },
    {
      "mode": "managed",
      "type": "google_app_engine_application",
      "name": "app-engine-app",
      "provider": "provider[\"registry.terraform.io/hashicorp/google\"]",
      "instances": [
        {
          "schema_version": 0,
          "attributes": {
            "app_id": "stage-simple-gae",
            "auth_domain": "gmail.com",
            "code_bucket": "staging.stage-simple-gae.appspot.com",
            "database_type": "CLOUD_DATASTORE_COMPATIBILITY",
            "default_bucket": "stage-simple-gae.appspot.com",
            "default_hostname": "stage-simple-gae.lm.r.appspot.com",
            "feature_settings": [
              {
                "split_health_checks": true
              }
            ],
            "gcr_domain": "eu.gcr.io",
            "iap": [],
            "id": "stage-simple-gae",
            "location_id": "europe-central2",
            "name": "apps/stage-simple-gae",
            "project": "stage-simple-gae",
            "serving_status": "SERVING",
            "timeouts": null,
            "url_dispatch_rule": [
              {
                "domain": "alpha-dot-stage-simple-gae.lm.r.appspot.com",
                "path": "/*",
                "service": "alpha"
              }
            ]
          },
          "sensitive_attributes": [],
          "private": "eyJlMmJmYjczMC1lY2FhLTExZTYtOGY4OC0zNDM2M2JjN2M0YzAiOnsiY3JlYXRlIjoyNDAwMDAwMDAwMDAsInVwZGF0ZSI6MjQwMDAwMDAwMDAwfX0=",
          "dependencies": [
            "google_project.simple-app-engine"
          ]
        }
      ]
    },
    {
      "mode": "managed",
      "type": "google_app_engine_application_url_dispatch_rules",
      "name": "alpha_rule",
      "provider": "provider[\"registry.terraform.io/hashicorp/google\"]",
      "instances": [
        {
          "schema_version": 0,
          "attributes": {
            "dispatch_rules": [
              {
                "domain": "alpha-dot-stage-simple-gae.lm.r.appspot.com",
                "path": "/*",
                "service": "alpha"
              }
            ],
            "id": "stage-simple-gae",
            "project": "stage-simple-gae",
            "timeouts": null
          },
          "sensitive_attributes": [],
          "private": "eyJlMmJmYjczMC1lY2FhLTExZTYtOGY4OC0zNDM2M2JjN2M0YzAiOnsiY3JlYXRlIjoxMjAwMDAwMDAwMDAwLCJkZWxldGUiOjEyMDAwMDAwMDAwMDAsInVwZGF0ZSI6MTIwMDAwMDAwMDAwMH19",
          "dependencies": [
            "data.archive_file.sample-node-app",
            "google_app_engine_application.app-engine-app",
            "google_app_engine_standard_app_version.alpha_latest_version",
            "google_project.simple-app-engine",
            "google_storage_bucket_object.app"
          ]
        }
      ]
    },
    {
      "mode": "managed",
      "type": "google_app_engine_service_split_traffic",
      "name": "alpha_version_split",
      "provider": "provider[\"registry.terraform.io/hashicorp/google\"]",
      "instances": [
        {
          "schema_version": 0,
          "attributes": {
            "id": "apps/stage-simple-gae/services/alpha",
            "migrate_traffic": true,
            "project": "stage-simple-gae",
            "service": "alpha",
            "split": [
              {
                "allocations": {
                  "stage-simple-gae-fed003b76de7f0fb0e6b1f1eff1aa635": "1"
                },
                "shard_by": "RANDOM"
              }
            ],
            "timeouts": null
          },
          "sensitive_attributes": [],
          "private": "eyJlMmJmYjczMC1lY2FhLTExZTYtOGY4OC0zNDM2M2JjN2M0YzAiOnsiY3JlYXRlIjoxMjAwMDAwMDAwMDAwLCJkZWxldGUiOjEyMDAwMDAwMDAwMDAsInVwZGF0ZSI6MTIwMDAwMDAwMDAwMH19",
          "dependencies": [
            "data.archive_file.sample-node-app",
            "google_app_engine_application.app-engine-app",
            "google_app_engine_standard_app_version.alpha_latest_version",
            "google_project.simple-app-engine",
            "google_storage_bucket_object.app"
          ]
        }
      ]
    },
    {
      "mode": "managed",
      "type": "google_app_engine_service_split_traffic",
      "name": "default_version_split",
      "provider": "provider[\"registry.terraform.io/hashicorp/google\"]",
      "instances": [
        {
          "schema_version": 0,
          "attributes": {
            "id": "apps/stage-simple-gae/services/default",
            "migrate_traffic": true,
            "project": "stage-simple-gae",
            "service": "default",
            "split": [
              {
                "allocations": {
                  "stage-simple-gae-fed003b76de7f0fb0e6b1f1eff1aa635": "1"
                },
                "shard_by": "RANDOM"
              }
            ],
            "timeouts": null
          },
          "sensitive_attributes": [],
          "private": "eyJlMmJmYjczMC1lY2FhLTExZTYtOGY4OC0zNDM2M2JjN2M0YzAiOnsiY3JlYXRlIjoxMjAwMDAwMDAwMDAwLCJkZWxldGUiOjEyMDAwMDAwMDAwMDAsInVwZGF0ZSI6MTIwMDAwMDAwMDAwMH19",
          "dependencies": [
            "data.archive_file.sample-node-app",
            "google_app_engine_application.app-engine-app",
            "google_app_engine_standard_app_version.latest_version",
            "google_project.simple-app-engine",
            "google_storage_bucket_object.app"
          ]
        }
      ]
    },
    {
      "mode": "managed",
      "type": "google_app_engine_standard_app_version",
      "name": "alpha_latest_version",
      "provider": "provider[\"registry.terraform.io/hashicorp/google\"]",
      "instances": [
        {
          "schema_version": 0,
          "attributes": {
            "app_engine_apis": false,
            "automatic_scaling": [],
            "basic_scaling": [],
            "delete_service_on_destroy": true,
            "deployment": [
              {
                "files": [],
                "zip": [
                  {
                    "files_count": 0,
                    "source_url": "https://storage.googleapis.com/staging.stage-simple-gae.appspot.com/app.zip"
                  }
                ]
              }
            ],
            "entrypoint": [
              {
                "shell": "node index.js"
              }
            ],
            "env_variables": {
              "DEPLOY_ENV": "stage"
            },
            "handlers": [
              {
                "auth_fail_action": "AUTH_FAIL_ACTION_REDIRECT",
                "login": "LOGIN_OPTIONAL",
                "redirect_http_response_code": "",
                "script": [
                  {
                    "script_path": "auto"
                  }
                ],
                "security_level": "SECURE_OPTIONAL",
                "static_files": [],
                "url_regex": ".*"
              },
              {
                "auth_fail_action": "",
                "login": "LOGIN_OPTIONAL",
                "redirect_http_response_code": "",
                "script": [
                  {
                    "script_path": "auto"
                  }
                ],
                "security_level": "SECURE_OPTIONAL",
                "static_files": [],
                "url_regex": ".*"
              }
            ],
            "id": "apps/stage-simple-gae/services/alpha/versions/stage-simple-gae-fed003b76de7f0fb0e6b1f1eff1aa635",
            "inbound_services": [
              "INBOUND_SERVICE_WARMUP"
            ],
            "instance_class": "F1",
            "libraries": [],
            "manual_scaling": [],
            "name": "apps/stage-simple-gae/services/alpha/versions/stage-simple-gae-fed003b76de7f0fb0e6b1f1eff1aa635",
            "noop_on_destroy": true,
            "project": "stage-simple-gae",
            "runtime": "nodejs20",
            "runtime_api_version": "",
            "service": "alpha",
            "service_account": "stage-simple-gae@appspot.gserviceaccount.com",
            "threadsafe": null,
            "timeouts": null,
            "version_id": "stage-simple-gae-fed003b76de7f0fb0e6b1f1eff1aa635",
            "vpc_access_connector": []
          },
          "sensitive_attributes": [],
          "private": "eyJlMmJmYjczMC1lY2FhLTExZTYtOGY4OC0zNDM2M2JjN2M0YzAiOnsiY3JlYXRlIjoxMjAwMDAwMDAwMDAwLCJkZWxldGUiOjEyMDAwMDAwMDAwMDAsInVwZGF0ZSI6MTIwMDAwMDAwMDAwMH19",
          "dependencies": [
            "data.archive_file.sample-node-app",
            "google_project.simple-app-engine",
            "google_storage_bucket_object.app"
          ]
        }
      ]
    },
    {
      "mode": "managed",
      "type": "google_app_engine_standard_app_version",
      "name": "latest_version",
      "provider": "provider[\"registry.terraform.io/hashicorp/google\"]",
      "instances": [
        {
          "schema_version": 0,
          "attributes": {
            "app_engine_apis": false,
            "automatic_scaling": [
              {
                "max_concurrent_requests": 0,
                "max_idle_instances": 0,
                "max_pending_latency": "",
                "min_idle_instances": 0,
                "min_pending_latency": "",
                "standard_scheduler_settings": [
                  {
                    "max_instances": 4,
                    "min_instances": 0,
                    "target_cpu_utilization": 0.5,
                    "target_throughput_utilization": 0.75
                  }
                ]
              }
            ],
            "basic_scaling": [],
            "delete_service_on_destroy": true,
            "deployment": [
              {
                "files": [],
                "zip": [
                  {
                    "files_count": 0,
                    "source_url": "https://storage.googleapis.com/staging.stage-simple-gae.appspot.com/app.zip"
                  }
                ]
              }
            ],
            "entrypoint": [
              {
                "shell": "node index.js"
              }
            ],
            "env_variables": {
              "DEPLOY_ENV": "stage"
            },
            "handlers": [
              {
                "auth_fail_action": "",
                "login": "LOGIN_OPTIONAL",
                "redirect_http_response_code": "",
                "script": [
                  {
                    "script_path": "auto"
                  }
                ],
                "security_level": "SECURE_OPTIONAL",
                "static_files": [],
                "url_regex": ".*"
              }
            ],
            "id": "apps/stage-simple-gae/services/default/versions/stage-simple-gae-fed003b76de7f0fb0e6b1f1eff1aa635",
            "inbound_services": [
              "INBOUND_SERVICE_WARMUP"
            ],
            "instance_class": "F1",
            "libraries": [],
            "manual_scaling": [],
            "name": "apps/stage-simple-gae/services/default/versions/stage-simple-gae-fed003b76de7f0fb0e6b1f1eff1aa635",
            "noop_on_destroy": true,
            "project": "stage-simple-gae",
            "runtime": "nodejs20",
            "runtime_api_version": "",
            "service": "default",
            "service_account": "stage-simple-gae@appspot.gserviceaccount.com",
            "threadsafe": null,
            "timeouts": null,
            "version_id": "stage-simple-gae-fed003b76de7f0fb0e6b1f1eff1aa635",
            "vpc_access_connector": []
          },
          "sensitive_attributes": [],
          "private": "eyJlMmJmYjczMC1lY2FhLTExZTYtOGY4OC0zNDM2M2JjN2M0YzAiOnsiY3JlYXRlIjoxMjAwMDAwMDAwMDAwLCJkZWxldGUiOjEyMDAwMDAwMDAwMDAsInVwZGF0ZSI6MTIwMDAwMDAwMDAwMH19",
          "dependencies": [
            "data.archive_file.sample-node-app",
            "google_app_engine_application.app-engine-app",
            "google_project.simple-app-engine",
            "google_storage_bucket_object.app"
          ]
        }
      ]
    },
    {
      "mode": "managed",
      "type": "google_logging_project_bucket_config",
      "name": "_Default",
      "provider": "provider[\"registry.terraform.io/hashicorp/google\"]",
      "instances": [
        {
          "schema_version": 0,
          "attributes": {
            "bucket_id": "_Default",
            "cmek_settings": [],
            "description": "Default bucket",
            "enable_analytics": true,
            "id": "projects/stage-simple-gae/locations/global/buckets/_Default",
            "index_configs": [],
            "lifecycle_state": "ACTIVE",
            "location": "global",
            "locked": false,
            "name": "projects/stage-simple-gae/locations/global/buckets/_Default",
            "project": "stage-simple-gae",
            "retention_days": 30
          },
          "sensitive_attributes": [],
          "private": "bnVsbA==",
          "dependencies": [
            "google_project.simple-app-engine"
          ]
        }
      ]
    },
    {
      "mode": "managed",
      "type": "google_project",
      "name": "simple-app-engine",
      "provider": "provider[\"registry.terraform.io/hashicorp/google\"]",
      "instances": [
        {
          "schema_version": 1,
          "attributes": {
            "auto_create_network": true,
            "billing_account": "011E25-D2A15A-01891C",
            "effective_labels": {},
            "folder_id": "",
            "id": "projects/stage-simple-gae",
            "labels": {},
            "name": "stage-simple-gae",
            "number": "860530947201",
            "org_id": "1084031091051",
            "project_id": "stage-simple-gae",
            "skip_delete": null,
            "terraform_labels": {},
            "timeouts": null
          },
          "sensitive_attributes": [],
          "private": "eyJlMmJmYjczMC1lY2FhLTExZTYtOGY4OC0zNDM2M2JjN2M0YzAiOnsiY3JlYXRlIjo2MDAwMDAwMDAwMDAsImRlbGV0ZSI6NjAwMDAwMDAwMDAwLCJyZWFkIjo2MDAwMDAwMDAwMDAsInVwZGF0ZSI6NjAwMDAwMDAwMDAwfSwic2NoZW1hX3ZlcnNpb24iOiIxIn0="
        }
      ]
    },
    {
      "mode": "managed",
      "type": "google_project_service",
      "name": "enabled_services",
      "provider": "provider[\"registry.terraform.io/hashicorp/google\"]",
      "instances": [
        {
          "index_key": "secretmanager.googleapis.com",
          "schema_version": 0,
          "attributes": {
            "disable_dependent_services": null,
            "disable_on_destroy": true,
            "id": "stage-simple-gae/secretmanager.googleapis.com",
            "project": "stage-simple-gae",
            "service": "secretmanager.googleapis.com",
            "timeouts": null
          },
          "sensitive_attributes": [],
          "private": "eyJlMmJmYjczMC1lY2FhLTExZTYtOGY4OC0zNDM2M2JjN2M0YzAiOnsiY3JlYXRlIjoxMjAwMDAwMDAwMDAwLCJkZWxldGUiOjEyMDAwMDAwMDAwMDAsInJlYWQiOjYwMDAwMDAwMDAwMCwidXBkYXRlIjoxMjAwMDAwMDAwMDAwfX0=",
          "dependencies": [
            "google_project.simple-app-engine"
          ]
        }
      ]
    },
    {
      "mode": "managed",
      "type": "google_secret_manager_secret",
      "name": "first-api-key",
      "provider": "provider[\"registry.terraform.io/hashicorp/google\"]",
      "instances": [
        {
          "schema_version": 0,
          "attributes": {
            "annotations": {},
            "create_time": "2024-07-04T08:30:51.404873Z",
            "effective_annotations": {},
            "effective_labels": {},
            "expire_time": "",
            "id": "projects/stage-simple-gae/secrets/stage-first-api-key",
            "labels": {},
            "name": "projects/860530947201/secrets/stage-first-api-key",
            "project": "stage-simple-gae",
            "replication": [
              {
                "auto": [
                  {
                    "customer_managed_encryption": []
                  }
                ],
                "user_managed": []
              }
            ],
            "rotation": [],
            "secret_id": "stage-first-api-key",
            "terraform_labels": {},
            "timeouts": null,
            "topics": [],
            "ttl": null,
            "version_aliases": {},
            "version_destroy_ttl": ""
          },
          "sensitive_attributes": [],
          "private": "eyJlMmJmYjczMC1lY2FhLTExZTYtOGY4OC0zNDM2M2JjN2M0YzAiOnsiY3JlYXRlIjoxMjAwMDAwMDAwMDAwLCJkZWxldGUiOjEyMDAwMDAwMDAwMDAsInVwZGF0ZSI6MTIwMDAwMDAwMDAwMH19",
          "dependencies": [
            "google_project.simple-app-engine"
          ]
        }
      ]
    },
    {
      "mode": "managed",
      "type": "google_secret_manager_secret",
      "name": "forth-api-key",
      "provider": "provider[\"registry.terraform.io/hashicorp/google\"]",
      "instances": [
        {
          "schema_version": 0,
          "attributes": {
            "annotations": {},
            "create_time": "2024-07-04T10:56:29.288582Z",
            "effective_annotations": {},
            "effective_labels": {},
            "expire_time": "",
            "id": "projects/stage-simple-gae/secrets/stage-forth-api-key",
            "labels": {},
            "name": "projects/860530947201/secrets/stage-forth-api-key",
            "project": "stage-simple-gae",
            "replication": [
              {
                "auto": [
                  {
                    "customer_managed_encryption": []
                  }
                ],
                "user_managed": []
              }
            ],
            "rotation": [],
            "secret_id": "stage-forth-api-key",
            "terraform_labels": {},
            "timeouts": null,
            "topics": [],
            "ttl": null,
            "version_aliases": {},
            "version_destroy_ttl": ""
          },
          "sensitive_attributes": [],
          "private": "eyJlMmJmYjczMC1lY2FhLTExZTYtOGY4OC0zNDM2M2JjN2M0YzAiOnsiY3JlYXRlIjoxMjAwMDAwMDAwMDAwLCJkZWxldGUiOjEyMDAwMDAwMDAwMDAsInVwZGF0ZSI6MTIwMDAwMDAwMDAwMH19",
          "dependencies": [
            "google_project.simple-app-engine"
          ]
        }
      ]
    },
    {
      "mode": "managed",
      "type": "google_secret_manager_secret",
      "name": "second-api-key",
      "provider": "provider[\"registry.terraform.io/hashicorp/google\"]",
      "instances": [
        {
          "schema_version": 0,
          "attributes": {
            "annotations": {},
            "create_time": "2024-07-04T10:56:30.419341Z",
            "effective_annotations": {},
            "effective_labels": {},
            "expire_time": "",
            "id": "projects/stage-simple-gae/secrets/stage-second-api-key",
            "labels": {},
            "name": "projects/860530947201/secrets/stage-second-api-key",
            "project": "stage-simple-gae",
            "replication": [
              {
                "auto": [
                  {
                    "customer_managed_encryption": []
                  }
                ],
                "user_managed": []
              }
            ],
            "rotation": [],
            "secret_id": "stage-second-api-key",
            "terraform_labels": {},
            "timeouts": null,
            "topics": [],
            "ttl": null,
            "version_aliases": {},
            "version_destroy_ttl": ""
          },
          "sensitive_attributes": [],
          "private": "eyJlMmJmYjczMC1lY2FhLTExZTYtOGY4OC0zNDM2M2JjN2M0YzAiOnsiY3JlYXRlIjoxMjAwMDAwMDAwMDAwLCJkZWxldGUiOjEyMDAwMDAwMDAwMDAsInVwZGF0ZSI6MTIwMDAwMDAwMDAwMH19",
          "dependencies": [
            "google_project.simple-app-engine"
          ]
        }
      ]
    },
    {
      "mode": "managed",
      "type": "google_secret_manager_secret",
      "name": "third-api-key",
      "provider": "provider[\"registry.terraform.io/hashicorp/google\"]",
      "instances": [
        {
          "schema_version": 0,
          "attributes": {
            "annotations": {},
            "create_time": "2024-07-04T10:56:29.932046Z",
            "effective_annotations": {},
            "effective_labels": {},
            "expire_time": "",
            "id": "projects/stage-simple-gae/secrets/stage-third-api-key",
            "labels": {},
            "name": "projects/860530947201/secrets/stage-third-api-key",
            "project": "stage-simple-gae",
            "replication": [
              {
                "auto": [
                  {
                    "customer_managed_encryption": []
                  }
                ],
                "user_managed": []
              }
            ],
            "rotation": [],
            "secret_id": "stage-third-api-key",
            "terraform_labels": {},
            "timeouts": null,
            "topics": [],
            "ttl": null,
            "version_aliases": {},
            "version_destroy_ttl": ""
          },
          "sensitive_attributes": [],
          "private": "eyJlMmJmYjczMC1lY2FhLTExZTYtOGY4OC0zNDM2M2JjN2M0YzAiOnsiY3JlYXRlIjoxMjAwMDAwMDAwMDAwLCJkZWxldGUiOjEyMDAwMDAwMDAwMDAsInVwZGF0ZSI6MTIwMDAwMDAwMDAwMH19",
          "dependencies": [
            "google_project.simple-app-engine"
          ]
        }
      ]
    },
    {
      "mode": "managed",
      "type": "google_secret_manager_secret_iam_member",
      "name": "gae-access-first-api-key",
      "provider": "provider[\"registry.terraform.io/hashicorp/google\"]",
      "instances": [
        {
          "schema_version": 0,
          "attributes": {
            "condition": [],
            "etag": "BwYcaczWk7Y=",
            "id": "projects/stage-simple-gae/secrets/stage-first-api-key/roles/secretmanager.secretAccessor/serviceAccount:stage-simple-gae@appspot.gserviceaccount.com",
            "member": "serviceAccount:stage-simple-gae@appspot.gserviceaccount.com",
            "project": "stage-simple-gae",
            "role": "roles/secretmanager.secretAccessor",
            "secret_id": "projects/stage-simple-gae/secrets/stage-first-api-key"
          },
          "sensitive_attributes": [],
          "private": "bnVsbA==",
          "dependencies": [
            "google_project.simple-app-engine",
            "google_secret_manager_secret.first-api-key"
          ]
        }
      ]
    },
    {
      "mode": "managed",
      "type": "google_secret_manager_secret_iam_member",
      "name": "gae-access-forth-api-key",
      "provider": "provider[\"registry.terraform.io/hashicorp/google\"]",
      "instances": [
        {
          "schema_version": 0,
          "attributes": {
            "condition": [],
            "etag": "BwYcacyjxC4=",
            "id": "projects/stage-simple-gae/secrets/stage-forth-api-key/roles/secretmanager.secretAccessor/serviceAccount:stage-simple-gae@appspot.gserviceaccount.com",
            "member": "serviceAccount:stage-simple-gae@appspot.gserviceaccount.com",
            "project": "stage-simple-gae",
            "role": "roles/secretmanager.secretAccessor",
            "secret_id": "projects/stage-simple-gae/secrets/stage-forth-api-key"
          },
          "sensitive_attributes": [],
          "private": "bnVsbA==",
          "dependencies": [
            "google_project.simple-app-engine",
            "google_secret_manager_secret.forth-api-key"
          ]
        }
      ]
    },
    {
      "mode": "managed",
      "type": "google_secret_manager_secret_iam_member",
      "name": "gae-access-second-api-key",
      "provider": "provider[\"registry.terraform.io/hashicorp/google\"]",
      "instances": [
        {
          "schema_version": 0,
          "attributes": {
            "condition": [],
            "etag": "BwYcacy0o3k=",
            "id": "projects/stage-simple-gae/secrets/stage-second-api-key/roles/secretmanager.secretAccessor/serviceAccount:stage-simple-gae@appspot.gserviceaccount.com",
            "member": "serviceAccount:stage-simple-gae@appspot.gserviceaccount.com",
            "project": "stage-simple-gae",
            "role": "roles/secretmanager.secretAccessor",
            "secret_id": "projects/stage-simple-gae/secrets/stage-second-api-key"
          },
          "sensitive_attributes": [],
          "private": "bnVsbA==",
          "dependencies": [
            "google_project.simple-app-engine",
            "google_secret_manager_secret.second-api-key"
          ]
        }
      ]
    },
    {
      "mode": "managed",
      "type": "google_secret_manager_secret_iam_member",
      "name": "gae-access-third-api-key",
      "provider": "provider[\"registry.terraform.io/hashicorp/google\"]",
      "instances": [
        {
          "schema_version": 0,
          "attributes": {
            "condition": [],
            "etag": "BwYcacywkq4=",
            "id": "projects/stage-simple-gae/secrets/stage-third-api-key/roles/secretmanager.secretAccessor/serviceAccount:stage-simple-gae@appspot.gserviceaccount.com",
            "member": "serviceAccount:stage-simple-gae@appspot.gserviceaccount.com",
            "project": "stage-simple-gae",
            "role": "roles/secretmanager.secretAccessor",
            "secret_id": "projects/stage-simple-gae/secrets/stage-third-api-key"
          },
          "sensitive_attributes": [],
          "private": "bnVsbA==",
          "dependencies": [
            "google_project.simple-app-engine",
            "google_secret_manager_secret.third-api-key"
          ]
        }
      ]
    },
    {
      "mode": "managed",
      "type": "google_secret_manager_secret_version",
      "name": "first-api-key-version",
      "provider": "provider[\"registry.terraform.io/hashicorp/google\"]",
      "instances": [
        {
          "schema_version": 0,
          "attributes": {
            "create_time": "2024-07-04T10:12:52.886137Z",
            "deletion_policy": "DELETE",
            "destroy_time": "",
            "enabled": true,
            "id": "projects/860530947201/secrets/stage-first-api-key/versions/2",
            "is_secret_data_base64": false,
            "name": "projects/860530947201/secrets/stage-first-api-key/versions/2",
            "secret": "projects/stage-simple-gae/secrets/stage-first-api-key",
            "secret_data": "abc123",
            "timeouts": null,
            "version": "2"
          },
          "sensitive_attributes": [],
          "private": "eyJlMmJmYjczMC1lY2FhLTExZTYtOGY4OC0zNDM2M2JjN2M0YzAiOnsiY3JlYXRlIjoxMjAwMDAwMDAwMDAwLCJkZWxldGUiOjEyMDAwMDAwMDAwMDB9fQ==",
          "dependencies": [
            "google_project.simple-app-engine",
            "google_secret_manager_secret.first-api-key"
          ]
        }
      ]
    },
    {
      "mode": "managed",
      "type": "google_secret_manager_secret_version",
      "name": "forth-api-key-version",
      "provider": "provider[\"registry.terraform.io/hashicorp/google\"]",
      "instances": [
        {
          "schema_version": 0,
          "attributes": {
            "create_time": "2024-07-04T10:56:31.680483Z",
            "deletion_policy": "DELETE",
            "destroy_time": "",
            "enabled": true,
            "id": "projects/860530947201/secrets/stage-forth-api-key/versions/1",
            "is_secret_data_base64": false,
            "name": "projects/860530947201/secrets/stage-forth-api-key/versions/1",
            "secret": "projects/stage-simple-gae/secrets/stage-forth-api-key",
            "secret_data": "xyz987",
            "timeouts": null,
            "version": "1"
          },
          "sensitive_attributes": [],
          "private": "eyJlMmJmYjczMC1lY2FhLTExZTYtOGY4OC0zNDM2M2JjN2M0YzAiOnsiY3JlYXRlIjoxMjAwMDAwMDAwMDAwLCJkZWxldGUiOjEyMDAwMDAwMDAwMDB9fQ==",
          "dependencies": [
            "google_project.simple-app-engine",
            "google_secret_manager_secret.forth-api-key"
          ]
        }
      ]
    },
    {
      "mode": "managed",
      "type": "google_secret_manager_secret_version",
      "name": "second-api-key-version",
      "provider": "provider[\"registry.terraform.io/hashicorp/google\"]",
      "instances": [
        {
          "schema_version": 0,
          "attributes": {
            "create_time": "2024-07-04T10:56:32.970989Z",
            "deletion_policy": "DELETE",
            "destroy_time": "",
            "enabled": true,
            "id": "projects/860530947201/secrets/stage-second-api-key/versions/1",
            "is_secret_data_base64": false,
            "name": "projects/860530947201/secrets/stage-second-api-key/versions/1",
            "secret": "projects/stage-simple-gae/secrets/stage-second-api-key",
            "secret_data": "567efg",
            "timeouts": null,
            "version": "1"
          },
          "sensitive_attributes": [],
          "private": "eyJlMmJmYjczMC1lY2FhLTExZTYtOGY4OC0zNDM2M2JjN2M0YzAiOnsiY3JlYXRlIjoxMjAwMDAwMDAwMDAwLCJkZWxldGUiOjEyMDAwMDAwMDAwMDB9fQ==",
          "dependencies": [
            "google_project.simple-app-engine",
            "google_secret_manager_secret.second-api-key"
          ]
        }
      ]
    },
    {
      "mode": "managed",
      "type": "google_secret_manager_secret_version",
      "name": "third-api-key-version",
      "provider": "provider[\"registry.terraform.io/hashicorp/google\"]",
      "instances": [
        {
          "schema_version": 0,
          "attributes": {
            "create_time": "2024-07-04T10:56:32.797230Z",
            "deletion_policy": "DELETE",
            "destroy_time": "",
            "enabled": true,
            "id": "projects/860530947201/secrets/stage-third-api-key/versions/1",
            "is_secret_data_base64": false,
            "name": "projects/860530947201/secrets/stage-third-api-key/versions/1",
            "secret": "projects/stage-simple-gae/secrets/stage-third-api-key",
            "secret_data": "hij789",
            "timeouts": null,
            "version": "1"
          },
          "sensitive_attributes": [],
          "private": "eyJlMmJmYjczMC1lY2FhLTExZTYtOGY4OC0zNDM2M2JjN2M0YzAiOnsiY3JlYXRlIjoxMjAwMDAwMDAwMDAwLCJkZWxldGUiOjEyMDAwMDAwMDAwMDB9fQ==",
          "dependencies": [
            "google_project.simple-app-engine",
            "google_secret_manager_secret.third-api-key"
          ]
        }
      ]
    },
    {
      "mode": "managed",
      "type": "google_service_account",
      "name": "app-engine-app-service-account",
      "provider": "provider[\"registry.terraform.io/hashicorp/google\"]",
      "instances": [
        {
          "schema_version": 0,
          "attributes": {
            "account_id": "stage-simple-gae",
            "create_ignore_already_exists": null,
            "description": "",
            "disabled": false,
            "display_name": "",
            "email": "stage-simple-gae@stage-simple-gae.iam.gserviceaccount.com",
            "id": "projects/stage-simple-gae/serviceAccounts/stage-simple-gae@stage-simple-gae.iam.gserviceaccount.com",
            "member": "serviceAccount:stage-simple-gae@stage-simple-gae.iam.gserviceaccount.com",
            "name": "projects/stage-simple-gae/serviceAccounts/stage-simple-gae@stage-simple-gae.iam.gserviceaccount.com",
            "project": "stage-simple-gae",
            "timeouts": null,
            "unique_id": "108478734897916443217"
          },
          "sensitive_attributes": [],
          "private": "eyJlMmJmYjczMC1lY2FhLTExZTYtOGY4OC0zNDM2M2JjN2M0YzAiOnsiY3JlYXRlIjozMDAwMDAwMDAwMDB9fQ==",
          "dependencies": [
            "google_project.simple-app-engine"
          ]
        }
      ]
    },
    {
      "mode": "managed",
      "type": "google_storage_bucket_object",
      "name": "app",
      "provider": "provider[\"registry.terraform.io/hashicorp/google\"]",
      "instances": [
        {
          "schema_version": 0,
          "attributes": {
            "bucket": "staging.stage-simple-gae.appspot.com",
            "cache_control": "",
            "content": null,
            "content_disposition": "",
            "content_encoding": "",
            "content_language": "",
            "content_type": "application/zip",
            "crc32c": "OLCo5g==",
            "customer_encryption": [],
            "detect_md5hash": "/tADt23n8PsOax8e/xqmNQ==",
            "event_based_hold": false,
            "id": "staging.stage-simple-gae.appspot.com-app.zip",
            "kms_key_name": "",
            "md5hash": "/tADt23n8PsOax8e/xqmNQ==",
            "media_link": "https://storage.googleapis.com/download/storage/v1/b/staging.stage-simple-gae.appspot.com/o/app.zip?generation=1720157149195723\u0026alt=media",
            "metadata": {},
            "name": "app.zip",
            "output_name": "app.zip",
            "retention": [],
            "self_link": "https://www.googleapis.com/storage/v1/b/staging.stage-simple-gae.appspot.com/o/app.zip",
            "source": "../sample-node-app.zip",
            "storage_class": "STANDARD",
            "temporary_hold": false,
            "timeouts": null
          },
          "sensitive_attributes": [],
          "private": "eyJlMmJmYjczMC1lY2FhLTExZTYtOGY4OC0zNDM2M2JjN2M0YzAiOnsiY3JlYXRlIjoyNDAwMDAwMDAwMDAsImRlbGV0ZSI6MjQwMDAwMDAwMDAwLCJ1cGRhdGUiOjI0MDAwMDAwMDAwMH19",
          "dependencies": [
            "data.archive_file.sample-node-app",
            "google_app_engine_application.app-engine-app",
            "google_project.simple-app-engine"
          ]
        }
      ]
    }
  ],
  "check_results": null
}
